// !$*UTF8*$!
{
	archiveVersion = 1;
	classes = {
	};
	objectVersion = 50;
	objects = {

/* Begin PBXBuildFile section */
		511757CC20A8A2E300DF2411 /* GifItem.m in Sources */ = {isa = PBXBuildFile; fileRef = 511757CB20A8A2E300DF2411 /* GifItem.m */; };
		511757CF20A8A36000DF2411 /* Gif.m in Sources */ = {isa = PBXBuildFile; fileRef = 511757CE20A8A36000DF2411 /* Gif.m */; };
		511757D320A8A4CF00DF2411 /* JHGifCell.m in Sources */ = {isa = PBXBuildFile; fileRef = 511757D120A8A4CF00DF2411 /* JHGifCell.m */; };
		511757D420A8A4CF00DF2411 /* JHGifCell.xib in Resources */ = {isa = PBXBuildFile; fileRef = 511757D220A8A4CF00DF2411 /* JHGifCell.xib */; };
		5131D4182099B4FD00819589 /* Assets.xcassets in Resources */ = {isa = PBXBuildFile; fileRef = 5131D4172099B4FD00819589 /* Assets.xcassets */; };
		5131D41B2099B4FD00819589 /* LaunchScreen.storyboard in Resources */ = {isa = PBXBuildFile; fileRef = 5131D4192099B4FD00819589 /* LaunchScreen.storyboard */; };
		5131D4282099B4FD00819589 /* Fun_iOSTests.m in Sources */ = {isa = PBXBuildFile; fileRef = 5131D4272099B4FD00819589 /* Fun_iOSTests.m */; };
		5131D44D2099BED700819589 /* JHHomeViewController.m in Sources */ = {isa = PBXBuildFile; fileRef = 5131D44C2099BED700819589 /* JHHomeViewController.m */; };
		5131D4522099C00100819589 /* JHSeeViewController.m in Sources */ = {isa = PBXBuildFile; fileRef = 5131D4512099C00100819589 /* JHSeeViewController.m */; };
		5131D4552099C00D00819589 /* JHProfileViewController.m in Sources */ = {isa = PBXBuildFile; fileRef = 5131D4542099C00D00819589 /* JHProfileViewController.m */; };
		5131D45F209AADD000819589 /* JHHomeTopView.m in Sources */ = {isa = PBXBuildFile; fileRef = 5131D45E209AADD000819589 /* JHHomeTopView.m */; };
		5131D46E209AB32400819589 /* JHTabBarController.m in Sources */ = {isa = PBXBuildFile; fileRef = 5131D463209AB32400819589 /* JHTabBarController.m */; };
		5131D46F209AB32400819589 /* JHNavigationController.m in Sources */ = {isa = PBXBuildFile; fileRef = 5131D464209AB32400819589 /* JHNavigationController.m */; };
		5131D470209AB32400819589 /* Main.storyboard in Resources */ = {isa = PBXBuildFile; fileRef = 5131D46B209AB32400819589 /* Main.storyboard */; };
		5131D471209AB32400819589 /* main.m in Sources */ = {isa = PBXBuildFile; fileRef = 5131D46C209AB32400819589 /* main.m */; };
		5131D472209AB32400819589 /* AppDelegate.m in Sources */ = {isa = PBXBuildFile; fileRef = 5131D46D209AB32400819589 /* AppDelegate.m */; };
		5131D475209AB3A300819589 /* UIView+JHExtension.m in Sources */ = {isa = PBXBuildFile; fileRef = 5131D474209AB3A300819589 /* UIView+JHExtension.m */; };
		518D0287209FFB7A006D30E7 /* DuanziItem.m in Sources */ = {isa = PBXBuildFile; fileRef = 518D0283209FFB7A006D30E7 /* DuanziItem.m */; };
		518D0288209FFB7A006D30E7 /* NiceComment.m in Sources */ = {isa = PBXBuildFile; fileRef = 518D0286209FFB7A006D30E7 /* NiceComment.m */; };
		518D028D20A04E16006D30E7 /* UIImageView+SDWebImage.m in Sources */ = {isa = PBXBuildFile; fileRef = 518D028B20A04E16006D30E7 /* UIImageView+SDWebImage.m */; };
		51B51319209C30180086209F /* customLayout.m in Sources */ = {isa = PBXBuildFile; fileRef = 51B51318209C30180086209F /* customLayout.m */; };
		51B51323209C358E0086209F /* JHNewsCell.m in Sources */ = {isa = PBXBuildFile; fileRef = 51B51321209C358E0086209F /* JHNewsCell.m */; };
		51B51324209C358E0086209F /* JHNewsCell.xib in Resources */ = {isa = PBXBuildFile; fileRef = 51B51322209C358E0086209F /* JHNewsCell.xib */; };
		51B51328209C36060086209F /* JHVideoCell.m in Sources */ = {isa = PBXBuildFile; fileRef = 51B51326209C36060086209F /* JHVideoCell.m */; };
		51B51329209C36060086209F /* JHVideoCell.xib in Resources */ = {isa = PBXBuildFile; fileRef = 51B51327209C36060086209F /* JHVideoCell.xib */; };
		51B5132C209C3F860086209F /* JHNewsViewController.m in Sources */ = {isa = PBXBuildFile; fileRef = 51B5132B209C3F860086209F /* JHNewsViewController.m */; };
		51B5132F209C3F960086209F /* JHVideoViewController.m in Sources */ = {isa = PBXBuildFile; fileRef = 51B5132E209C3F960086209F /* JHVideoViewController.m */; };
		51B51338209C659A0086209F /* VideoItem.m in Sources */ = {isa = PBXBuildFile; fileRef = 51B51332209C65990086209F /* VideoItem.m */; };
		51B51339209C659A0086209F /* Video.m in Sources */ = {isa = PBXBuildFile; fileRef = 51B51336209C659A0086209F /* Video.m */; };
		51CB53F420A812BF00F15D7C /* Wave.m in Sources */ = {isa = PBXBuildFile; fileRef = 51CB53F320A812BF00F15D7C /* Wave.m */; };
		51CB53F720A816B900F15D7C /* JHPicViewController.m in Sources */ = {isa = PBXBuildFile; fileRef = 51CB53F620A816B900F15D7C /* JHPicViewController.m */; };
		51CB53FD20A8256800F15D7C /* JHTabBarItem.m in Sources */ = {isa = PBXBuildFile; fileRef = 51CB53F920A8256800F15D7C /* JHTabBarItem.m */; };
		51CB53FE20A8256800F15D7C /* JHTabBar.m in Sources */ = {isa = PBXBuildFile; fileRef = 51CB53FA20A8256800F15D7C /* JHTabBar.m */; };
		51CB540720A863D600F15D7C /* JHMediaViewController.m in Sources */ = {isa = PBXBuildFile; fileRef = 51CB540620A863D600F15D7C /* JHMediaViewController.m */; };
		51CDF37320A53E7900E8847E /* JHVideoTool.m in Sources */ = {isa = PBXBuildFile; fileRef = 51CDF37220A53E7900E8847E /* JHVideoTool.m */; };
		51CDF37620A5404600E8847E /* JHVideoPlayerView.m in Sources */ = {isa = PBXBuildFile; fileRef = 51CDF37520A5404600E8847E /* JHVideoPlayerView.m */; };
		51CDF37820A5408300E8847E /* JHVideoPlayerView.xib in Resources */ = {isa = PBXBuildFile; fileRef = 51CDF37720A5408300E8847E /* JHVideoPlayerView.xib */; };
		51CDF37B20A54C1300E8847E /* NSString+Time.m in Sources */ = {isa = PBXBuildFile; fileRef = 51CDF37A20A54C1300E8847E /* NSString+Time.m */; };
		51CDF38020A54D4000E8847E /* JHBrightnessAndVolumeView.m in Sources */ = {isa = PBXBuildFile; fileRef = 51CDF37C20A54D3F00E8847E /* JHBrightnessAndVolumeView.m */; };
		51CDF38120A54D4000E8847E /* JHLoadingView.m in Sources */ = {isa = PBXBuildFile; fileRef = 51CDF37D20A54D4000E8847E /* JHLoadingView.m */; };
		96F9BC0B4351DB9CF870D09A /* libPods-Fun_iOS.a in Frameworks */ = {isa = PBXBuildFile; fileRef = 64CFC31A9210D757CC8CCF84 /* libPods-Fun_iOS.a */; };
		AB1EA948E4A567F8E62DDEE6 /* libPods-Fun_iOSTests.a in Frameworks */ = {isa = PBXBuildFile; fileRef = 50B64EC4C7C41B3F0876EF2A /* libPods-Fun_iOSTests.a */; };
/* End PBXBuildFile section */

/* Begin PBXContainerItemProxy section */
		5131D4242099B4FD00819589 /* PBXContainerItemProxy */ = {
			isa = PBXContainerItemProxy;
			containerPortal = 5131D4032099B4FB00819589 /* Project object */;
			proxyType = 1;
			remoteGlobalIDString = 5131D40A2099B4FB00819589;
			remoteInfo = Fun_iOS;
		};
/* End PBXContainerItemProxy section */

/* Begin PBXFileReference section */
		105F1B2A76110E79485D230B /* Pods-Fun_iOSTests.release.xcconfig */ = {isa = PBXFileReference; includeInIndex = 1; lastKnownFileType = text.xcconfig; name = "Pods-Fun_iOSTests.release.xcconfig"; path = "Pods/Target Support Files/Pods-Fun_iOSTests/Pods-Fun_iOSTests.release.xcconfig"; sourceTree = "<group>"; };
		50B64EC4C7C41B3F0876EF2A /* libPods-Fun_iOSTests.a */ = {isa = PBXFileReference; explicitFileType = archive.ar; includeInIndex = 0; path = "libPods-Fun_iOSTests.a"; sourceTree = BUILT_PRODUCTS_DIR; };
		511757CA20A8A2E300DF2411 /* GifItem.h */ = {isa = PBXFileReference; lastKnownFileType = sourcecode.c.h; path = GifItem.h; sourceTree = "<group>"; };
		511757CB20A8A2E300DF2411 /* GifItem.m */ = {isa = PBXFileReference; lastKnownFileType = sourcecode.c.objc; path = GifItem.m; sourceTree = "<group>"; };
		511757CD20A8A36000DF2411 /* Gif.h */ = {isa = PBXFileReference; lastKnownFileType = sourcecode.c.h; path = Gif.h; sourceTree = "<group>"; };
		511757CE20A8A36000DF2411 /* Gif.m */ = {isa = PBXFileReference; lastKnownFileType = sourcecode.c.objc; path = Gif.m; sourceTree = "<group>"; };
		511757D020A8A4CF00DF2411 /* JHGifCell.h */ = {isa = PBXFileReference; lastKnownFileType = sourcecode.c.h; path = JHGifCell.h; sourceTree = "<group>"; };
		511757D120A8A4CF00DF2411 /* JHGifCell.m */ = {isa = PBXFileReference; lastKnownFileType = sourcecode.c.objc; path = JHGifCell.m; sourceTree = "<group>"; };
		511757D220A8A4CF00DF2411 /* JHGifCell.xib */ = {isa = PBXFileReference; lastKnownFileType = file.xib; path = JHGifCell.xib; sourceTree = "<group>"; };
		5131D40B2099B4FB00819589 /* Fun_iOS.app */ = {isa = PBXFileReference; explicitFileType = wrapper.application; includeInIndex = 0; path = Fun_iOS.app; sourceTree = BUILT_PRODUCTS_DIR; };
		5131D4172099B4FD00819589 /* Assets.xcassets */ = {isa = PBXFileReference; lastKnownFileType = folder.assetcatalog; path = Assets.xcassets; sourceTree = "<group>"; };
		5131D41A2099B4FD00819589 /* Base */ = {isa = PBXFileReference; lastKnownFileType = file.storyboard; name = Base; path = Base.lproj/LaunchScreen.storyboard; sourceTree = "<group>"; };
		5131D41C2099B4FD00819589 /* Info.plist */ = {isa = PBXFileReference; lastKnownFileType = text.plist.xml; path = Info.plist; sourceTree = "<group>"; };
		5131D4232099B4FD00819589 /* Fun_iOSTests.xctest */ = {isa = PBXFileReference; explicitFileType = wrapper.cfbundle; includeInIndex = 0; path = Fun_iOSTests.xctest; sourceTree = BUILT_PRODUCTS_DIR; };
		5131D4272099B4FD00819589 /* Fun_iOSTests.m */ = {isa = PBXFileReference; lastKnownFileType = sourcecode.c.objc; path = Fun_iOSTests.m; sourceTree = "<group>"; };
		5131D4292099B4FD00819589 /* Info.plist */ = {isa = PBXFileReference; lastKnownFileType = text.plist.xml; path = Info.plist; sourceTree = "<group>"; };
		5131D44B2099BED700819589 /* JHHomeViewController.h */ = {isa = PBXFileReference; lastKnownFileType = sourcecode.c.h; path = JHHomeViewController.h; sourceTree = "<group>"; };
		5131D44C2099BED700819589 /* JHHomeViewController.m */ = {isa = PBXFileReference; lastKnownFileType = sourcecode.c.objc; path = JHHomeViewController.m; sourceTree = "<group>"; };
		5131D4502099C00100819589 /* JHSeeViewController.h */ = {isa = PBXFileReference; lastKnownFileType = sourcecode.c.h; path = JHSeeViewController.h; sourceTree = "<group>"; };
		5131D4512099C00100819589 /* JHSeeViewController.m */ = {isa = PBXFileReference; lastKnownFileType = sourcecode.c.objc; path = JHSeeViewController.m; sourceTree = "<group>"; };
		5131D4532099C00D00819589 /* JHProfileViewController.h */ = {isa = PBXFileReference; lastKnownFileType = sourcecode.c.h; path = JHProfileViewController.h; sourceTree = "<group>"; };
		5131D4542099C00D00819589 /* JHProfileViewController.m */ = {isa = PBXFileReference; lastKnownFileType = sourcecode.c.objc; path = JHProfileViewController.m; sourceTree = "<group>"; };
		5131D456209A9B7500819589 /* PrefixHeader.pch */ = {isa = PBXFileReference; lastKnownFileType = sourcecode.c.h; path = PrefixHeader.pch; sourceTree = "<group>"; };
		5131D45D209AADD000819589 /* JHHomeTopView.h */ = {isa = PBXFileReference; lastKnownFileType = sourcecode.c.h; path = JHHomeTopView.h; sourceTree = "<group>"; };
		5131D45E209AADD000819589 /* JHHomeTopView.m */ = {isa = PBXFileReference; lastKnownFileType = sourcecode.c.objc; path = JHHomeTopView.m; sourceTree = "<group>"; };
		5131D463209AB32400819589 /* JHTabBarController.m */ = {isa = PBXFileReference; fileEncoding = 4; lastKnownFileType = sourcecode.c.objc; path = JHTabBarController.m; sourceTree = "<group>"; };
		5131D464209AB32400819589 /* JHNavigationController.m */ = {isa = PBXFileReference; fileEncoding = 4; lastKnownFileType = sourcecode.c.objc; path = JHNavigationController.m; sourceTree = "<group>"; };
		5131D465209AB32400819589 /* JHTabBarController.h */ = {isa = PBXFileReference; fileEncoding = 4; lastKnownFileType = sourcecode.c.h; path = JHTabBarController.h; sourceTree = "<group>"; };
		5131D466209AB32400819589 /* JHNavigationController.h */ = {isa = PBXFileReference; fileEncoding = 4; lastKnownFileType = sourcecode.c.h; path = JHNavigationController.h; sourceTree = "<group>"; };
		5131D468209AB32400819589 /* Macros.h */ = {isa = PBXFileReference; fileEncoding = 4; lastKnownFileType = sourcecode.c.h; path = Macros.h; sourceTree = "<group>"; };
		5131D46A209AB32400819589 /* AppDelegate.h */ = {isa = PBXFileReference; fileEncoding = 4; lastKnownFileType = sourcecode.c.h; path = AppDelegate.h; sourceTree = "<group>"; };
		5131D46B209AB32400819589 /* Main.storyboard */ = {isa = PBXFileReference; fileEncoding = 4; lastKnownFileType = file.storyboard; path = Main.storyboard; sourceTree = "<group>"; };
		5131D46C209AB32400819589 /* main.m */ = {isa = PBXFileReference; fileEncoding = 4; lastKnownFileType = sourcecode.c.objc; path = main.m; sourceTree = "<group>"; };
		5131D46D209AB32400819589 /* AppDelegate.m */ = {isa = PBXFileReference; fileEncoding = 4; lastKnownFileType = sourcecode.c.objc; path = AppDelegate.m; sourceTree = "<group>"; };
		5131D473209AB3A300819589 /* UIView+JHExtension.h */ = {isa = PBXFileReference; lastKnownFileType = sourcecode.c.h; path = "UIView+JHExtension.h"; sourceTree = "<group>"; };
		5131D474209AB3A300819589 /* UIView+JHExtension.m */ = {isa = PBXFileReference; lastKnownFileType = sourcecode.c.objc; path = "UIView+JHExtension.m"; sourceTree = "<group>"; };
		518D0283209FFB7A006D30E7 /* DuanziItem.m */ = {isa = PBXFileReference; fileEncoding = 4; lastKnownFileType = sourcecode.c.objc; path = DuanziItem.m; sourceTree = "<group>"; };
		518D0284209FFB7A006D30E7 /* NiceComment.h */ = {isa = PBXFileReference; fileEncoding = 4; lastKnownFileType = sourcecode.c.h; path = NiceComment.h; sourceTree = "<group>"; };
		518D0285209FFB7A006D30E7 /* DuanziItem.h */ = {isa = PBXFileReference; fileEncoding = 4; lastKnownFileType = sourcecode.c.h; path = DuanziItem.h; sourceTree = "<group>"; };
		518D0286209FFB7A006D30E7 /* NiceComment.m */ = {isa = PBXFileReference; fileEncoding = 4; lastKnownFileType = sourcecode.c.objc; path = NiceComment.m; sourceTree = "<group>"; };
		518D028B20A04E16006D30E7 /* UIImageView+SDWebImage.m */ = {isa = PBXFileReference; fileEncoding = 4; lastKnownFileType = sourcecode.c.objc; path = "UIImageView+SDWebImage.m"; sourceTree = "<group>"; };
		518D028C20A04E16006D30E7 /* UIImageView+SDWebImage.h */ = {isa = PBXFileReference; fileEncoding = 4; lastKnownFileType = sourcecode.c.h; path = "UIImageView+SDWebImage.h"; sourceTree = "<group>"; };
		51B51317209C30170086209F /* customLayout.h */ = {isa = PBXFileReference; fileEncoding = 4; lastKnownFileType = sourcecode.c.h; path = customLayout.h; sourceTree = "<group>"; };
		51B51318209C30180086209F /* customLayout.m */ = {isa = PBXFileReference; fileEncoding = 4; lastKnownFileType = sourcecode.c.objc; path = customLayout.m; sourceTree = "<group>"; };
		51B51320209C358E0086209F /* JHNewsCell.h */ = {isa = PBXFileReference; lastKnownFileType = sourcecode.c.h; path = JHNewsCell.h; sourceTree = "<group>"; };
		51B51321209C358E0086209F /* JHNewsCell.m */ = {isa = PBXFileReference; lastKnownFileType = sourcecode.c.objc; path = JHNewsCell.m; sourceTree = "<group>"; };
		51B51322209C358E0086209F /* JHNewsCell.xib */ = {isa = PBXFileReference; lastKnownFileType = file.xib; path = JHNewsCell.xib; sourceTree = "<group>"; };
		51B51325209C36060086209F /* JHVideoCell.h */ = {isa = PBXFileReference; lastKnownFileType = sourcecode.c.h; path = JHVideoCell.h; sourceTree = "<group>"; };
		51B51326209C36060086209F /* JHVideoCell.m */ = {isa = PBXFileReference; lastKnownFileType = sourcecode.c.objc; path = JHVideoCell.m; sourceTree = "<group>"; };
		51B51327209C36060086209F /* JHVideoCell.xib */ = {isa = PBXFileReference; lastKnownFileType = file.xib; path = JHVideoCell.xib; sourceTree = "<group>"; };
		51B5132A209C3F860086209F /* JHNewsViewController.h */ = {isa = PBXFileReference; lastKnownFileType = sourcecode.c.h; path = JHNewsViewController.h; sourceTree = "<group>"; };
		51B5132B209C3F860086209F /* JHNewsViewController.m */ = {isa = PBXFileReference; lastKnownFileType = sourcecode.c.objc; path = JHNewsViewController.m; sourceTree = "<group>"; };
		51B5132D209C3F960086209F /* JHVideoViewController.h */ = {isa = PBXFileReference; lastKnownFileType = sourcecode.c.h; path = JHVideoViewController.h; sourceTree = "<group>"; };
		51B5132E209C3F960086209F /* JHVideoViewController.m */ = {isa = PBXFileReference; lastKnownFileType = sourcecode.c.objc; path = JHVideoViewController.m; sourceTree = "<group>"; };
		51B51330209C4D920086209F /* APIConfig.h */ = {isa = PBXFileReference; lastKnownFileType = sourcecode.c.h; path = APIConfig.h; sourceTree = "<group>"; };
		51B51332209C65990086209F /* VideoItem.m */ = {isa = PBXFileReference; fileEncoding = 4; lastKnownFileType = sourcecode.c.objc; path = VideoItem.m; sourceTree = "<group>"; };
		51B51334209C65990086209F /* Video.h */ = {isa = PBXFileReference; fileEncoding = 4; lastKnownFileType = sourcecode.c.h; path = Video.h; sourceTree = "<group>"; };
		51B51335209C659A0086209F /* VideoItem.h */ = {isa = PBXFileReference; fileEncoding = 4; lastKnownFileType = sourcecode.c.h; path = VideoItem.h; sourceTree = "<group>"; };
		51B51336209C659A0086209F /* Video.m */ = {isa = PBXFileReference; fileEncoding = 4; lastKnownFileType = sourcecode.c.objc; path = Video.m; sourceTree = "<group>"; };
		51CB53F220A812BF00F15D7C /* Wave.h */ = {isa = PBXFileReference; fileEncoding = 4; lastKnownFileType = sourcecode.c.h; path = Wave.h; sourceTree = "<group>"; };
		51CB53F320A812BF00F15D7C /* Wave.m */ = {isa = PBXFileReference; fileEncoding = 4; lastKnownFileType = sourcecode.c.objc; path = Wave.m; sourceTree = "<group>"; };
		51CB53F520A816B900F15D7C /* JHPicViewController.h */ = {isa = PBXFileReference; lastKnownFileType = sourcecode.c.h; path = JHPicViewController.h; sourceTree = "<group>"; };
		51CB53F620A816B900F15D7C /* JHPicViewController.m */ = {isa = PBXFileReference; lastKnownFileType = sourcecode.c.objc; path = JHPicViewController.m; sourceTree = "<group>"; };
		51CB53F920A8256800F15D7C /* JHTabBarItem.m */ = {isa = PBXFileReference; fileEncoding = 4; lastKnownFileType = sourcecode.c.objc; path = JHTabBarItem.m; sourceTree = "<group>"; };
		51CB53FA20A8256800F15D7C /* JHTabBar.m */ = {isa = PBXFileReference; fileEncoding = 4; lastKnownFileType = sourcecode.c.objc; path = JHTabBar.m; sourceTree = "<group>"; };
		51CB53FB20A8256800F15D7C /* JHTabBarItem.h */ = {isa = PBXFileReference; fileEncoding = 4; lastKnownFileType = sourcecode.c.h; path = JHTabBarItem.h; sourceTree = "<group>"; };
		51CB53FC20A8256800F15D7C /* JHTabBar.h */ = {isa = PBXFileReference; fileEncoding = 4; lastKnownFileType = sourcecode.c.h; path = JHTabBar.h; sourceTree = "<group>"; };
		51CB540520A863D600F15D7C /* JHMediaViewController.h */ = {isa = PBXFileReference; lastKnownFileType = sourcecode.c.h; path = JHMediaViewController.h; sourceTree = "<group>"; };
		51CB540620A863D600F15D7C /* JHMediaViewController.m */ = {isa = PBXFileReference; lastKnownFileType = sourcecode.c.objc; path = JHMediaViewController.m; sourceTree = "<group>"; };
		51CDF37120A53E7900E8847E /* JHVideoTool.h */ = {isa = PBXFileReference; lastKnownFileType = sourcecode.c.h; path = JHVideoTool.h; sourceTree = "<group>"; };
		51CDF37220A53E7900E8847E /* JHVideoTool.m */ = {isa = PBXFileReference; lastKnownFileType = sourcecode.c.objc; path = JHVideoTool.m; sourceTree = "<group>"; };
		51CDF37420A5404600E8847E /* JHVideoPlayerView.h */ = {isa = PBXFileReference; lastKnownFileType = sourcecode.c.h; path = JHVideoPlayerView.h; sourceTree = "<group>"; };
		51CDF37520A5404600E8847E /* JHVideoPlayerView.m */ = {isa = PBXFileReference; lastKnownFileType = sourcecode.c.objc; path = JHVideoPlayerView.m; sourceTree = "<group>"; };
		51CDF37720A5408300E8847E /* JHVideoPlayerView.xib */ = {isa = PBXFileReference; lastKnownFileType = file.xib; path = JHVideoPlayerView.xib; sourceTree = "<group>"; };
		51CDF37920A54C1300E8847E /* NSString+Time.h */ = {isa = PBXFileReference; fileEncoding = 4; lastKnownFileType = sourcecode.c.h; path = "NSString+Time.h"; sourceTree = "<group>"; };
		51CDF37A20A54C1300E8847E /* NSString+Time.m */ = {isa = PBXFileReference; fileEncoding = 4; lastKnownFileType = sourcecode.c.objc; path = "NSString+Time.m"; sourceTree = "<group>"; };
		51CDF37C20A54D3F00E8847E /* JHBrightnessAndVolumeView.m */ = {isa = PBXFileReference; fileEncoding = 4; lastKnownFileType = sourcecode.c.objc; path = JHBrightnessAndVolumeView.m; sourceTree = "<group>"; };
		51CDF37D20A54D4000E8847E /* JHLoadingView.m */ = {isa = PBXFileReference; fileEncoding = 4; lastKnownFileType = sourcecode.c.objc; path = JHLoadingView.m; sourceTree = "<group>"; };
		51CDF37E20A54D4000E8847E /* JHBrightnessAndVolumeView.h */ = {isa = PBXFileReference; fileEncoding = 4; lastKnownFileType = sourcecode.c.h; path = JHBrightnessAndVolumeView.h; sourceTree = "<group>"; };
		51CDF37F20A54D4000E8847E /* JHLoadingView.h */ = {isa = PBXFileReference; fileEncoding = 4; lastKnownFileType = sourcecode.c.h; path = JHLoadingView.h; sourceTree = "<group>"; };
		601C4DA65ACDF02CA482A0BB /* Pods-Fun_iOS.release.xcconfig */ = {isa = PBXFileReference; includeInIndex = 1; lastKnownFileType = text.xcconfig; name = "Pods-Fun_iOS.release.xcconfig"; path = "Pods/Target Support Files/Pods-Fun_iOS/Pods-Fun_iOS.release.xcconfig"; sourceTree = "<group>"; };
		64CFC31A9210D757CC8CCF84 /* libPods-Fun_iOS.a */ = {isa = PBXFileReference; explicitFileType = archive.ar; includeInIndex = 0; path = "libPods-Fun_iOS.a"; sourceTree = BUILT_PRODUCTS_DIR; };
		82037E229A873C33EB50AB51 /* Pods-Fun_iOSTests.debug.xcconfig */ = {isa = PBXFileReference; includeInIndex = 1; lastKnownFileType = text.xcconfig; name = "Pods-Fun_iOSTests.debug.xcconfig"; path = "Pods/Target Support Files/Pods-Fun_iOSTests/Pods-Fun_iOSTests.debug.xcconfig"; sourceTree = "<group>"; };
		AB05D4AA64FEE3F76763B575 /* Pods-Fun_iOS.debug.xcconfig */ = {isa = PBXFileReference; includeInIndex = 1; lastKnownFileType = text.xcconfig; name = "Pods-Fun_iOS.debug.xcconfig"; path = "Pods/Target Support Files/Pods-Fun_iOS/Pods-Fun_iOS.debug.xcconfig"; sourceTree = "<group>"; };
/* End PBXFileReference section */

/* Begin PBXFrameworksBuildPhase section */
		5131D4082099B4FB00819589 /* Frameworks */ = {
			isa = PBXFrameworksBuildPhase;
			buildActionMask = 2147483647;
			files = (
				96F9BC0B4351DB9CF870D09A /* libPods-Fun_iOS.a in Frameworks */,
			);
			runOnlyForDeploymentPostprocessing = 0;
		};
		5131D4202099B4FD00819589 /* Frameworks */ = {
			isa = PBXFrameworksBuildPhase;
			buildActionMask = 2147483647;
			files = (
				AB1EA948E4A567F8E62DDEE6 /* libPods-Fun_iOSTests.a in Frameworks */,
			);
			runOnlyForDeploymentPostprocessing = 0;
		};
/* End PBXFrameworksBuildPhase section */

/* Begin PBXGroup section */
		2E477BA7A4205166EA2F1090 /* Frameworks */ = {
			isa = PBXGroup;
			children = (
				64CFC31A9210D757CC8CCF84 /* libPods-Fun_iOS.a */,
				50B64EC4C7C41B3F0876EF2A /* libPods-Fun_iOSTests.a */,
			);
			name = Frameworks;
			sourceTree = "<group>";
		};
		511757C920A8A28F00DF2411 /* GifModel */ = {
			isa = PBXGroup;
			children = (
				511757CA20A8A2E300DF2411 /* GifItem.h */,
				511757CB20A8A2E300DF2411 /* GifItem.m */,
				511757CD20A8A36000DF2411 /* Gif.h */,
				511757CE20A8A36000DF2411 /* Gif.m */,
			);
			path = GifModel;
			sourceTree = "<group>";
		};
		5131D4022099B4FB00819589 = {
			isa = PBXGroup;
			children = (
				5131D40D2099B4FB00819589 /* Fun_iOS */,
				5131D4262099B4FD00819589 /* Fun_iOSTests */,
				5131D40C2099B4FB00819589 /* Products */,
				D567556795B4874F5A175590 /* Pods */,
				2E477BA7A4205166EA2F1090 /* Frameworks */,
			);
			sourceTree = "<group>";
		};
		5131D40C2099B4FB00819589 /* Products */ = {
			isa = PBXGroup;
			children = (
				5131D40B2099B4FB00819589 /* Fun_iOS.app */,
				5131D4232099B4FD00819589 /* Fun_iOSTests.xctest */,
			);
			name = Products;
			sourceTree = "<group>";
		};
		5131D40D2099B4FB00819589 /* Fun_iOS */ = {
			isa = PBXGroup;
			children = (
				5131D4362099B88300819589 /* Main */,
				5131D4322099B88300819589 /* Home */,
				5131D43A2099B88400819589 /* See */,
				5131D43E2099B88400819589 /* Profile */,
				5131D4172099B4FD00819589 /* Assets.xcassets */,
				5131D4192099B4FD00819589 /* LaunchScreen.storyboard */,
				5131D41C2099B4FD00819589 /* Info.plist */,
			);
			path = Fun_iOS;
			sourceTree = "<group>";
		};
		5131D4262099B4FD00819589 /* Fun_iOSTests */ = {
			isa = PBXGroup;
			children = (
				5131D4272099B4FD00819589 /* Fun_iOSTests.m */,
				5131D4292099B4FD00819589 /* Info.plist */,
			);
			path = Fun_iOSTests;
			sourceTree = "<group>";
		};
		5131D4322099B88300819589 /* Home */ = {
			isa = PBXGroup;
			children = (
				5131D4332099B88300819589 /* Controller */,
				5131D4342099B88300819589 /* Model */,
				5131D4352099B88300819589 /* View */,
			);
			path = Home;
			sourceTree = "<group>";
		};
		5131D4332099B88300819589 /* Controller */ = {
			isa = PBXGroup;
			children = (
				5131D44B2099BED700819589 /* JHHomeViewController.h */,
				5131D44C2099BED700819589 /* JHHomeViewController.m */,
				51B5132A209C3F860086209F /* JHNewsViewController.h */,
				51B5132B209C3F860086209F /* JHNewsViewController.m */,
				51B5132D209C3F960086209F /* JHVideoViewController.h */,
				51B5132E209C3F960086209F /* JHVideoViewController.m */,
				51CB53F520A816B900F15D7C /* JHPicViewController.h */,
				51CB53F620A816B900F15D7C /* JHPicViewController.m */,
			);
			path = Controller;
			sourceTree = "<group>";
		};
		5131D4342099B88300819589 /* Model */ = {
			isa = PBXGroup;
			children = (
				518D028A209FFBD1006D30E7 /* DuanziModel */,
				518D0289209FFBC1006D30E7 /* VideoModel */,
				511757C920A8A28F00DF2411 /* GifModel */,
			);
			path = Model;
			sourceTree = "<group>";
		};
		5131D4352099B88300819589 /* View */ = {
			isa = PBXGroup;
			children = (
				5131D45D209AADD000819589 /* JHHomeTopView.h */,
				5131D45E209AADD000819589 /* JHHomeTopView.m */,
				51B51320209C358E0086209F /* JHNewsCell.h */,
				51B51321209C358E0086209F /* JHNewsCell.m */,
				51B51322209C358E0086209F /* JHNewsCell.xib */,
				51B51325209C36060086209F /* JHVideoCell.h */,
				51B51326209C36060086209F /* JHVideoCell.m */,
				51B51327209C36060086209F /* JHVideoCell.xib */,
				511757D020A8A4CF00DF2411 /* JHGifCell.h */,
				511757D120A8A4CF00DF2411 /* JHGifCell.m */,
				511757D220A8A4CF00DF2411 /* JHGifCell.xib */,
				51CB540520A863D600F15D7C /* JHMediaViewController.h */,
				51CB540620A863D600F15D7C /* JHMediaViewController.m */,
			);
			path = View;
			sourceTree = "<group>";
		};
		5131D4362099B88300819589 /* Main */ = {
			isa = PBXGroup;
			children = (
				5131D462209AB32400819589 /* Base */,
				5131D461209AB32400819589 /* Category */,
				5131D469209AB32400819589 /* Main */,
				5131D467209AB32400819589 /* Other */,
				5131D456209A9B7500819589 /* PrefixHeader.pch */,
			);
			path = Main;
			sourceTree = "<group>";
		};
		5131D43A2099B88400819589 /* See */ = {
			isa = PBXGroup;
			children = (
				5131D43B2099B88400819589 /* Controller */,
				5131D43C2099B88400819589 /* Model */,
				5131D43D2099B88400819589 /* View */,
			);
			path = See;
			sourceTree = "<group>";
		};
		5131D43B2099B88400819589 /* Controller */ = {
			isa = PBXGroup;
			children = (
				5131D4502099C00100819589 /* JHSeeViewController.h */,
				5131D4512099C00100819589 /* JHSeeViewController.m */,
			);
			path = Controller;
			sourceTree = "<group>";
		};
		5131D43C2099B88400819589 /* Model */ = {
			isa = PBXGroup;
			children = (
			);
			path = Model;
			sourceTree = "<group>";
		};
		5131D43D2099B88400819589 /* View */ = {
			isa = PBXGroup;
			children = (
			);
			path = View;
			sourceTree = "<group>";
		};
		5131D43E2099B88400819589 /* Profile */ = {
			isa = PBXGroup;
			children = (
				5131D43F2099B88400819589 /* Controller */,
				5131D4402099B88400819589 /* Model */,
				5131D4412099B88400819589 /* View */,
			);
			path = Profile;
			sourceTree = "<group>";
		};
		5131D43F2099B88400819589 /* Controller */ = {
			isa = PBXGroup;
			children = (
				5131D4532099C00D00819589 /* JHProfileViewController.h */,
				5131D4542099C00D00819589 /* JHProfileViewController.m */,
			);
			path = Controller;
			sourceTree = "<group>";
		};
		5131D4402099B88400819589 /* Model */ = {
			isa = PBXGroup;
			children = (
			);
			path = Model;
			sourceTree = "<group>";
		};
		5131D4412099B88400819589 /* View */ = {
			isa = PBXGroup;
			children = (
			);
			path = View;
			sourceTree = "<group>";
		};
		5131D461209AB32400819589 /* Category */ = {
			isa = PBXGroup;
			children = (
				51CDF37920A54C1300E8847E /* NSString+Time.h */,
				51CDF37A20A54C1300E8847E /* NSString+Time.m */,
				5131D473209AB3A300819589 /* UIView+JHExtension.h */,
				5131D474209AB3A300819589 /* UIView+JHExtension.m */,
			);
			path = Category;
			sourceTree = "<group>";
		};
		5131D462209AB32400819589 /* Base */ = {
			isa = PBXGroup;
			children = (
				5131D466209AB32400819589 /* JHNavigationController.h */,
				5131D464209AB32400819589 /* JHNavigationController.m */,
				5131D465209AB32400819589 /* JHTabBarController.h */,
				5131D463209AB32400819589 /* JHTabBarController.m */,
			);
			path = Base;
			sourceTree = "<group>";
		};
		5131D467209AB32400819589 /* Other */ = {
			isa = PBXGroup;
			children = (
				51CB53F820A8256800F15D7C /* JHTabBar */,
				51CB53F220A812BF00F15D7C /* Wave.h */,
				51CB53F320A812BF00F15D7C /* Wave.m */,
				51B51317209C30170086209F /* customLayout.h */,
				51B51318209C30180086209F /* customLayout.m */,
				5131D468209AB32400819589 /* Macros.h */,
				51B51330209C4D920086209F /* APIConfig.h */,
				518D028C20A04E16006D30E7 /* UIImageView+SDWebImage.h */,
				518D028B20A04E16006D30E7 /* UIImageView+SDWebImage.m */,
			);
			path = Other;
			sourceTree = "<group>";
		};
		5131D469209AB32400819589 /* Main */ = {
			isa = PBXGroup;
			children = (
				51CDF36E20A53E4000E8847E /* MySingleton */,
				5131D46A209AB32400819589 /* AppDelegate.h */,
				5131D46D209AB32400819589 /* AppDelegate.m */,
				5131D46C209AB32400819589 /* main.m */,
				5131D46B209AB32400819589 /* Main.storyboard */,
			);
			path = Main;
			sourceTree = "<group>";
		};
		518D0289209FFBC1006D30E7 /* VideoModel */ = {
			isa = PBXGroup;
			children = (
				51B51335209C659A0086209F /* VideoItem.h */,
				51B51332209C65990086209F /* VideoItem.m */,
				51B51334209C65990086209F /* Video.h */,
				51B51336209C659A0086209F /* Video.m */,
			);
			path = VideoModel;
			sourceTree = "<group>";
		};
		518D028A209FFBD1006D30E7 /* DuanziModel */ = {
			isa = PBXGroup;
			children = (
				518D0285209FFB7A006D30E7 /* DuanziItem.h */,
				518D0283209FFB7A006D30E7 /* DuanziItem.m */,
				518D0284209FFB7A006D30E7 /* NiceComment.h */,
				518D0286209FFB7A006D30E7 /* NiceComment.m */,
			);
			path = DuanziModel;
			sourceTree = "<group>";
		};
		51CB53F820A8256800F15D7C /* JHTabBar */ = {
			isa = PBXGroup;
			children = (
				51CB53FC20A8256800F15D7C /* JHTabBar.h */,
				51CB53FA20A8256800F15D7C /* JHTabBar.m */,
				51CB53FB20A8256800F15D7C /* JHTabBarItem.h */,
				51CB53F920A8256800F15D7C /* JHTabBarItem.m */,
			);
			path = JHTabBar;
			sourceTree = "<group>";
		};
		51CDF36E20A53E4000E8847E /* MySingleton */ = {
			isa = PBXGroup;
			children = (
				51CDF37020A53E4000E8847E /* Tool */,
				51CDF36F20A53E4000E8847E /* View */,
			);
			path = MySingleton;
			sourceTree = "<group>";
		};
		51CDF36F20A53E4000E8847E /* View */ = {
			isa = PBXGroup;
			children = (
				51CDF37420A5404600E8847E /* JHVideoPlayerView.h */,
				51CDF37520A5404600E8847E /* JHVideoPlayerView.m */,
				51CDF37720A5408300E8847E /* JHVideoPlayerView.xib */,
				51CDF37E20A54D4000E8847E /* JHBrightnessAndVolumeView.h */,
				51CDF37C20A54D3F00E8847E /* JHBrightnessAndVolumeView.m */,
				51CDF37F20A54D4000E8847E /* JHLoadingView.h */,
				51CDF37D20A54D4000E8847E /* JHLoadingView.m */,
			);
			path = View;
			sourceTree = "<group>";
		};
		51CDF37020A53E4000E8847E /* Tool */ = {
			isa = PBXGroup;
			children = (
				51CDF37120A53E7900E8847E /* JHVideoTool.h */,
				51CDF37220A53E7900E8847E /* JHVideoTool.m */,
			);
			path = Tool;
			sourceTree = "<group>";
		};
		D567556795B4874F5A175590 /* Pods */ = {
			isa = PBXGroup;
			children = (
				AB05D4AA64FEE3F76763B575 /* Pods-Fun_iOS.debug.xcconfig */,
				601C4DA65ACDF02CA482A0BB /* Pods-Fun_iOS.release.xcconfig */,
				82037E229A873C33EB50AB51 /* Pods-Fun_iOSTests.debug.xcconfig */,
				105F1B2A76110E79485D230B /* Pods-Fun_iOSTests.release.xcconfig */,
			);
			name = Pods;
			sourceTree = "<group>";
		};
/* End PBXGroup section */

/* Begin PBXNativeTarget section */
		5131D40A2099B4FB00819589 /* Fun_iOS */ = {
			isa = PBXNativeTarget;
			buildConfigurationList = 5131D42C2099B4FD00819589 /* Build configuration list for PBXNativeTarget "Fun_iOS" */;
			buildPhases = (
				A433ECE00D55225E2C9037D9 /* [CP] Check Pods Manifest.lock */,
				5131D4072099B4FB00819589 /* Sources */,
				5131D4082099B4FB00819589 /* Frameworks */,
				5131D4092099B4FB00819589 /* Resources */,
				7CAAB85CB80A65668E049319 /* [CP] Copy Pods Resources */,
			);
			buildRules = (
			);
			dependencies = (
			);
			name = Fun_iOS;
			productName = Fun_iOS;
			productReference = 5131D40B2099B4FB00819589 /* Fun_iOS.app */;
			productType = "com.apple.product-type.application";
		};
		5131D4222099B4FD00819589 /* Fun_iOSTests */ = {
			isa = PBXNativeTarget;
			buildConfigurationList = 5131D42F2099B4FD00819589 /* Build configuration list for PBXNativeTarget "Fun_iOSTests" */;
			buildPhases = (
				5EB829068E5834969BC58CF2 /* [CP] Check Pods Manifest.lock */,
				5131D41F2099B4FD00819589 /* Sources */,
				5131D4202099B4FD00819589 /* Frameworks */,
				5131D4212099B4FD00819589 /* Resources */,
			);
			buildRules = (
			);
			dependencies = (
				5131D4252099B4FD00819589 /* PBXTargetDependency */,
			);
			name = Fun_iOSTests;
			productName = Fun_iOSTests;
			productReference = 5131D4232099B4FD00819589 /* Fun_iOSTests.xctest */;
			productType = "com.apple.product-type.bundle.unit-test";
		};
/* End PBXNativeTarget section */

/* Begin PBXProject section */
		5131D4032099B4FB00819589 /* Project object */ = {
			isa = PBXProject;
			attributes = {
				CLASSPREFIX = JH;
				LastUpgradeCheck = 0930;
				ORGANIZATIONNAME = "瞿嘉洪";
				TargetAttributes = {
					5131D40A2099B4FB00819589 = {
						CreatedOnToolsVersion = 9.3;
					};
					5131D4222099B4FD00819589 = {
						CreatedOnToolsVersion = 9.3;
						TestTargetID = 5131D40A2099B4FB00819589;
					};
				};
			};
			buildConfigurationList = 5131D4062099B4FB00819589 /* Build configuration list for PBXProject "Fun_iOS" */;
			compatibilityVersion = "Xcode 9.3";
			developmentRegion = en;
			hasScannedForEncodings = 0;
			knownRegions = (
				en,
				Base,
			);
			mainGroup = 5131D4022099B4FB00819589;
			productRefGroup = 5131D40C2099B4FB00819589 /* Products */;
			projectDirPath = "";
			projectRoot = "";
			targets = (
				5131D40A2099B4FB00819589 /* Fun_iOS */,
				5131D4222099B4FD00819589 /* Fun_iOSTests */,
			);
		};
/* End PBXProject section */

/* Begin PBXResourcesBuildPhase section */
		5131D4092099B4FB00819589 /* Resources */ = {
			isa = PBXResourcesBuildPhase;
			buildActionMask = 2147483647;
			files = (
				5131D470209AB32400819589 /* Main.storyboard in Resources */,
				51CDF37820A5408300E8847E /* JHVideoPlayerView.xib in Resources */,
				5131D41B2099B4FD00819589 /* LaunchScreen.storyboard in Resources */,
				51B51324209C358E0086209F /* JHNewsCell.xib in Resources */,
				5131D4182099B4FD00819589 /* Assets.xcassets in Resources */,
				51B51329209C36060086209F /* JHVideoCell.xib in Resources */,
				511757D420A8A4CF00DF2411 /* JHGifCell.xib in Resources */,
			);
			runOnlyForDeploymentPostprocessing = 0;
		};
		5131D4212099B4FD00819589 /* Resources */ = {
			isa = PBXResourcesBuildPhase;
			buildActionMask = 2147483647;
			files = (
			);
			runOnlyForDeploymentPostprocessing = 0;
		};
/* End PBXResourcesBuildPhase section */

/* Begin PBXShellScriptBuildPhase section */
		5EB829068E5834969BC58CF2 /* [CP] Check Pods Manifest.lock */ = {
			isa = PBXShellScriptBuildPhase;
			buildActionMask = 2147483647;
			files = (
			);
			inputPaths = (
				"${PODS_PODFILE_DIR_PATH}/Podfile.lock",
				"${PODS_ROOT}/Manifest.lock",
			);
			name = "[CP] Check Pods Manifest.lock";
			outputPaths = (
				"$(DERIVED_FILE_DIR)/Pods-Fun_iOSTests-checkManifestLockResult.txt",
			);
			runOnlyForDeploymentPostprocessing = 0;
			shellPath = /bin/sh;
			shellScript = "diff \"${PODS_PODFILE_DIR_PATH}/Podfile.lock\" \"${PODS_ROOT}/Manifest.lock\" > /dev/null\nif [ $? != 0 ] ; then\n    # print error to STDERR\n    echo \"error: The sandbox is not in sync with the Podfile.lock. Run 'pod install' or update your CocoaPods installation.\" >&2\n    exit 1\nfi\n# This output is used by Xcode 'outputs' to avoid re-running this script phase.\necho \"SUCCESS\" > \"${SCRIPT_OUTPUT_FILE_0}\"\n";
			showEnvVarsInLog = 0;
		};
		7CAAB85CB80A65668E049319 /* [CP] Copy Pods Resources */ = {
			isa = PBXShellScriptBuildPhase;
			buildActionMask = 2147483647;
			files = (
			);
			inputPaths = (
				"${SRCROOT}/Pods/Target Support Files/Pods-Fun_iOS/Pods-Fun_iOS-resources.sh",
				"${PODS_ROOT}/MJRefresh/MJRefresh/MJRefresh.bundle",
			);
			name = "[CP] Copy Pods Resources";
			outputPaths = (
				"${TARGET_BUILD_DIR}/${UNLOCALIZED_RESOURCES_FOLDER_PATH}/MJRefresh.bundle",
			);
			runOnlyForDeploymentPostprocessing = 0;
			shellPath = /bin/sh;
			shellScript = "\"${SRCROOT}/Pods/Target Support Files/Pods-Fun_iOS/Pods-Fun_iOS-resources.sh\"\n";
			showEnvVarsInLog = 0;
		};
		A433ECE00D55225E2C9037D9 /* [CP] Check Pods Manifest.lock */ = {
			isa = PBXShellScriptBuildPhase;
			buildActionMask = 2147483647;
			files = (
			);
			inputPaths = (
				"${PODS_PODFILE_DIR_PATH}/Podfile.lock",
				"${PODS_ROOT}/Manifest.lock",
			);
			name = "[CP] Check Pods Manifest.lock";
			outputPaths = (
				"$(DERIVED_FILE_DIR)/Pods-Fun_iOS-checkManifestLockResult.txt",
			);
			runOnlyForDeploymentPostprocessing = 0;
			shellPath = /bin/sh;
			shellScript = "diff \"${PODS_PODFILE_DIR_PATH}/Podfile.lock\" \"${PODS_ROOT}/Manifest.lock\" > /dev/null\nif [ $? != 0 ] ; then\n    # print error to STDERR\n    echo \"error: The sandbox is not in sync with the Podfile.lock. Run 'pod install' or update your CocoaPods installation.\" >&2\n    exit 1\nfi\n# This output is used by Xcode 'outputs' to avoid re-running this script phase.\necho \"SUCCESS\" > \"${SCRIPT_OUTPUT_FILE_0}\"\n";
			showEnvVarsInLog = 0;
		};
/* End PBXShellScriptBuildPhase section */

/* Begin PBXSourcesBuildPhase section */
		5131D4072099B4FB00819589 /* Sources */ = {
			isa = PBXSourcesBuildPhase;
			buildActionMask = 2147483647;
			files = (
				51CB53F420A812BF00F15D7C /* Wave.m in Sources */,
				51CB540720A863D600F15D7C /* JHMediaViewController.m in Sources */,
				518D0288209FFB7A006D30E7 /* NiceComment.m in Sources */,
				51B51338209C659A0086209F /* VideoItem.m in Sources */,
				5131D4522099C00100819589 /* JHSeeViewController.m in Sources */,
				51CDF38120A54D4000E8847E /* JHLoadingView.m in Sources */,
				51B51339209C659A0086209F /* Video.m in Sources */,
				511757CF20A8A36000DF2411 /* Gif.m in Sources */,
				51CDF37620A5404600E8847E /* JHVideoPlayerView.m in Sources */,
				51B5132C209C3F860086209F /* JHNewsViewController.m in Sources */,
				51B51328209C36060086209F /* JHVideoCell.m in Sources */,
				5131D46F209AB32400819589 /* JHNavigationController.m in Sources */,
				51CDF37320A53E7900E8847E /* JHVideoTool.m in Sources */,
				51B51319209C30180086209F /* customLayout.m in Sources */,
				511757D320A8A4CF00DF2411 /* JHGifCell.m in Sources */,
				511757CC20A8A2E300DF2411 /* GifItem.m in Sources */,
				5131D44D2099BED700819589 /* JHHomeViewController.m in Sources */,
				5131D472209AB32400819589 /* AppDelegate.m in Sources */,
				5131D4552099C00D00819589 /* JHProfileViewController.m in Sources */,
				5131D45F209AADD000819589 /* JHHomeTopView.m in Sources */,
				51CDF37B20A54C1300E8847E /* NSString+Time.m in Sources */,
				51B5132F209C3F960086209F /* JHVideoViewController.m in Sources */,
				518D0287209FFB7A006D30E7 /* DuanziItem.m in Sources */,
				5131D471209AB32400819589 /* main.m in Sources */,
				5131D46E209AB32400819589 /* JHTabBarController.m in Sources */,
				51CB53F720A816B900F15D7C /* JHPicViewController.m in Sources */,
				51B51323209C358E0086209F /* JHNewsCell.m in Sources */,
				51CB53FE20A8256800F15D7C /* JHTabBar.m in Sources */,
				51CDF38020A54D4000E8847E /* JHBrightnessAndVolumeView.m in Sources */,
				5131D475209AB3A300819589 /* UIView+JHExtension.m in Sources */,
				518D028D20A04E16006D30E7 /* UIImageView+SDWebImage.m in Sources */,
				51CB53FD20A8256800F15D7C /* JHTabBarItem.m in Sources */,
			);
			runOnlyForDeploymentPostprocessing = 0;
		};
		5131D41F2099B4FD00819589 /* Sources */ = {
			isa = PBXSourcesBuildPhase;
			buildActionMask = 2147483647;
			files = (
				5131D4282099B4FD00819589 /* Fun_iOSTests.m in Sources */,
			);
			runOnlyForDeploymentPostprocessing = 0;
		};
/* End PBXSourcesBuildPhase section */

/* Begin PBXTargetDependency section */
		5131D4252099B4FD00819589 /* PBXTargetDependency */ = {
			isa = PBXTargetDependency;
			target = 5131D40A2099B4FB00819589 /* Fun_iOS */;
			targetProxy = 5131D4242099B4FD00819589 /* PBXContainerItemProxy */;
		};
/* End PBXTargetDependency section */

/* Begin PBXVariantGroup section */
		5131D4192099B4FD00819589 /* LaunchScreen.storyboard */ = {
			isa = PBXVariantGroup;
			children = (
				5131D41A2099B4FD00819589 /* Base */,
			);
			name = LaunchScreen.storyboard;
			sourceTree = "<group>";
		};
/* End PBXVariantGroup section */

/* Begin XCBuildConfiguration section */
		5131D42A2099B4FD00819589 /* Debug */ = {
			isa = XCBuildConfiguration;
			buildSettings = {
				ALWAYS_SEARCH_USER_PATHS = NO;
				CLANG_ANALYZER_NONNULL = YES;
				CLANG_ANALYZER_NUMBER_OBJECT_CONVERSION = YES_AGGRESSIVE;
				CLANG_CXX_LANGUAGE_STANDARD = "gnu++14";
				CLANG_CXX_LIBRARY = "libc++";
				CLANG_ENABLE_MODULES = YES;
				CLANG_ENABLE_OBJC_ARC = YES;
				CLANG_ENABLE_OBJC_WEAK = YES;
				CLANG_WARN_BLOCK_CAPTURE_AUTORELEASING = YES;
				CLANG_WARN_BOOL_CONVERSION = YES;
				CLANG_WARN_COMMA = YES;
				CLANG_WARN_CONSTANT_CONVERSION = YES;
				CLANG_WARN_DEPRECATED_OBJC_IMPLEMENTATIONS = YES;
				CLANG_WARN_DIRECT_OBJC_ISA_USAGE = YES_ERROR;
				CLANG_WARN_DOCUMENTATION_COMMENTS = YES;
				CLANG_WARN_EMPTY_BODY = YES;
				CLANG_WARN_ENUM_CONVERSION = YES;
				CLANG_WARN_INFINITE_RECURSION = YES;
				CLANG_WARN_INT_CONVERSION = YES;
				CLANG_WARN_NON_LITERAL_NULL_CONVERSION = YES;
				CLANG_WARN_OBJC_IMPLICIT_RETAIN_SELF = YES;
				CLANG_WARN_OBJC_LITERAL_CONVERSION = YES;
				CLANG_WARN_OBJC_ROOT_CLASS = YES_ERROR;
				CLANG_WARN_RANGE_LOOP_ANALYSIS = YES;
				CLANG_WARN_STRICT_PROTOTYPES = YES;
				CLANG_WARN_SUSPICIOUS_MOVE = YES;
				CLANG_WARN_UNGUARDED_AVAILABILITY = YES_AGGRESSIVE;
				CLANG_WARN_UNREACHABLE_CODE = YES;
				CLANG_WARN__DUPLICATE_METHOD_MATCH = YES;
				CODE_SIGN_IDENTITY = "iPhone Developer";
				COPY_PHASE_STRIP = NO;
				DEBUG_INFORMATION_FORMAT = dwarf;
				ENABLE_STRICT_OBJC_MSGSEND = YES;
				ENABLE_TESTABILITY = YES;
				GCC_C_LANGUAGE_STANDARD = gnu11;
				GCC_DYNAMIC_NO_PIC = NO;
				GCC_NO_COMMON_BLOCKS = YES;
				GCC_OPTIMIZATION_LEVEL = 0;
				GCC_PREPROCESSOR_DEFINITIONS = (
					"DEBUG=1",
					"$(inherited)",
				);
				GCC_WARN_64_TO_32_BIT_CONVERSION = YES;
				GCC_WARN_ABOUT_RETURN_TYPE = YES_ERROR;
				GCC_WARN_UNDECLARED_SELECTOR = YES;
				GCC_WARN_UNINITIALIZED_AUTOS = YES_AGGRESSIVE;
				GCC_WARN_UNUSED_FUNCTION = YES;
				GCC_WARN_UNUSED_VARIABLE = YES;
				IPHONEOS_DEPLOYMENT_TARGET = 11.3;
				MTL_ENABLE_DEBUG_INFO = YES;
				ONLY_ACTIVE_ARCH = YES;
				SDKROOT = iphoneos;
			};
			name = Debug;
		};
		5131D42B2099B4FD00819589 /* Release */ = {
			isa = XCBuildConfiguration;
			buildSettings = {
				ALWAYS_SEARCH_USER_PATHS = NO;
				CLANG_ANALYZER_NONNULL = YES;
				CLANG_ANALYZER_NUMBER_OBJECT_CONVERSION = YES_AGGRESSIVE;
				CLANG_CXX_LANGUAGE_STANDARD = "gnu++14";
				CLANG_CXX_LIBRARY = "libc++";
				CLANG_ENABLE_MODULES = YES;
				CLANG_ENABLE_OBJC_ARC = YES;
				CLANG_ENABLE_OBJC_WEAK = YES;
				CLANG_WARN_BLOCK_CAPTURE_AUTORELEASING = YES;
				CLANG_WARN_BOOL_CONVERSION = YES;
				CLANG_WARN_COMMA = YES;
				CLANG_WARN_CONSTANT_CONVERSION = YES;
				CLANG_WARN_DEPRECATED_OBJC_IMPLEMENTATIONS = YES;
				CLANG_WARN_DIRECT_OBJC_ISA_USAGE = YES_ERROR;
				CLANG_WARN_DOCUMENTATION_COMMENTS = YES;
				CLANG_WARN_EMPTY_BODY = YES;
				CLANG_WARN_ENUM_CONVERSION = YES;
				CLANG_WARN_INFINITE_RECURSION = YES;
				CLANG_WARN_INT_CONVERSION = YES;
				CLANG_WARN_NON_LITERAL_NULL_CONVERSION = YES;
				CLANG_WARN_OBJC_IMPLICIT_RETAIN_SELF = YES;
				CLANG_WARN_OBJC_LITERAL_CONVERSION = YES;
				CLANG_WARN_OBJC_ROOT_CLASS = YES_ERROR;
				CLANG_WARN_RANGE_LOOP_ANALYSIS = YES;
				CLANG_WARN_STRICT_PROTOTYPES = YES;
				CLANG_WARN_SUSPICIOUS_MOVE = YES;
				CLANG_WARN_UNGUARDED_AVAILABILITY = YES_AGGRESSIVE;
				CLANG_WARN_UNREACHABLE_CODE = YES;
				CLANG_WARN__DUPLICATE_METHOD_MATCH = YES;
				CODE_SIGN_IDENTITY = "iPhone Developer";
				COPY_PHASE_STRIP = NO;
				DEBUG_INFORMATION_FORMAT = "dwarf-with-dsym";
				ENABLE_NS_ASSERTIONS = NO;
				ENABLE_STRICT_OBJC_MSGSEND = YES;
				GCC_C_LANGUAGE_STANDARD = gnu11;
				GCC_NO_COMMON_BLOCKS = YES;
				GCC_WARN_64_TO_32_BIT_CONVERSION = YES;
				GCC_WARN_ABOUT_RETURN_TYPE = YES_ERROR;
				GCC_WARN_UNDECLARED_SELECTOR = YES;
				GCC_WARN_UNINITIALIZED_AUTOS = YES_AGGRESSIVE;
				GCC_WARN_UNUSED_FUNCTION = YES;
				GCC_WARN_UNUSED_VARIABLE = YES;
				IPHONEOS_DEPLOYMENT_TARGET = 11.3;
				MTL_ENABLE_DEBUG_INFO = NO;
				SDKROOT = iphoneos;
				VALIDATE_PRODUCT = YES;
			};
			name = Release;
		};
		5131D42D2099B4FD00819589 /* Debug */ = {
			isa = XCBuildConfiguration;
			baseConfigurationReference = AB05D4AA64FEE3F76763B575 /* Pods-Fun_iOS.debug.xcconfig */;
			buildSettings = {
				ASSETCATALOG_COMPILER_APPICON_NAME = AppIcon;
				CODE_SIGN_STYLE = Automatic;
				DEVELOPMENT_TEAM = L9687TNJ7S;
				GCC_PREFIX_HEADER = "$(SRCROOT)/Fun_iOS/Main/PrefixHeader.pch";
				INFOPLIST_FILE = Fun_iOS/Info.plist;
				LD_RUNPATH_SEARCH_PATHS = (
					"$(inherited)",
					"@executable_path/Frameworks",
				);
				PRODUCT_BUNDLE_IDENTIFIER = "Mr.QuAndLi.Fun-iOS";
				PRODUCT_NAME = "$(TARGET_NAME)";
				TARGETED_DEVICE_FAMILY = "1,2";
			};
			name = Debug;
		};
		5131D42E2099B4FD00819589 /* Release */ = {
			isa = XCBuildConfiguration;
			baseConfigurationReference = 601C4DA65ACDF02CA482A0BB /* Pods-Fun_iOS.release.xcconfig */;
			buildSettings = {
				ASSETCATALOG_COMPILER_APPICON_NAME = AppIcon;
				CODE_SIGN_STYLE = Automatic;
				DEVELOPMENT_TEAM = L9687TNJ7S;
				GCC_PREFIX_HEADER = "$(SRCROOT)/Fun_iOS/Main/PrefixHeader.pch";
				INFOPLIST_FILE = Fun_iOS/Info.plist;
				LD_RUNPATH_SEARCH_PATHS = (
					"$(inherited)",
					"@executable_path/Frameworks",
				);
				PRODUCT_BUNDLE_IDENTIFIER = "Mr.QuAndLi.Fun-iOS";
				PRODUCT_NAME = "$(TARGET_NAME)";
				TARGETED_DEVICE_FAMILY = "1,2";
			};
			name = Release;
		};
		5131D4302099B4FD00819589 /* Debug */ = {
			isa = XCBuildConfiguration;
			baseConfigurationReference = 82037E229A873C33EB50AB51 /* Pods-Fun_iOSTests.debug.xcconfig */;
			buildSettings = {
				BUNDLE_LOADER = "$(TEST_HOST)";
				CODE_SIGN_STYLE = Automatic;
				DEVELOPMENT_TEAM = T73WW3AT23;
				INFOPLIST_FILE = Fun_iOSTests/Info.plist;
				LD_RUNPATH_SEARCH_PATHS = (
					"$(inherited)",
					"@executable_path/Frameworks",
					"@loader_path/Frameworks",
				);
				PRODUCT_BUNDLE_IDENTIFIER = "Mr.QuAndLi.Fun-iOSTests";
				PRODUCT_NAME = "$(TARGET_NAME)";
				TARGETED_DEVICE_FAMILY = "1,2";
				TEST_HOST = "$(BUILT_PRODUCTS_DIR)/Fun_iOS.app/Fun_iOS";
			};
			name = Debug;
		};
		5131D4312099B4FD00819589 /* Release */ = {
			isa = XCBuildConfiguration;
			baseConfigurationReference = 105F1B2A76110E79485D230B /* Pods-Fun_iOSTests.release.xcconfig */;
			buildSettings = {
				BUNDLE_LOADER = "$(TEST_HOST)";
				CODE_SIGN_STYLE = Automatic;
				DEVELOPMENT_TEAM = T73WW3AT23;
				INFOPLIST_FILE = Fun_iOSTests/Info.plist;
				LD_RUNPATH_SEARCH_PATHS = (
					"$(inherited)",
					"@executable_path/Frameworks",
					"@loader_path/Frameworks",
				);
				PRODUCT_BUNDLE_IDENTIFIER = "Mr.QuAndLi.Fun-iOSTests";
				PRODUCT_NAME = "$(TARGET_NAME)";
				TARGETED_DEVICE_FAMILY = "1,2";
				TEST_HOST = "$(BUILT_PRODUCTS_DIR)/Fun_iOS.app/Fun_iOS";
			};
			name = Release;
		};
/* End XCBuildConfiguration section */

/* Begin XCConfigurationList section */
		5131D4062099B4FB00819589 /* Build configuration list for PBXProject "Fun_iOS" */ = {
			isa = XCConfigurationList;
			buildConfigurations = (
				5131D42A2099B4FD00819589 /* Debug */,
				5131D42B2099B4FD00819589 /* Release */,
			);
			defaultConfigurationIsVisible = 0;
			defaultConfigurationName = Release;
		};
		5131D42C2099B4FD00819589 /* Build configuration list for PBXNativeTarget "Fun_iOS" */ = {
			isa = XCConfigurationList;
			buildConfigurations = (
				5131D42D2099B4FD00819589 /* Debug */,
				5131D42E2099B4FD00819589 /* Release */,
			);
			defaultConfigurationIsVisible = 0;
			defaultConfigurationName = Release;
		};
		5131D42F2099B4FD00819589 /* Build configuration list for PBXNativeTarget "Fun_iOSTests" */ = {
			isa = XCConfigurationList;
			buildConfigurations = (
				5131D4302099B4FD00819589 /* Debug */,
				5131D4312099B4FD00819589 /* Release */,
			);
			defaultConfigurationIsVisible = 0;
			defaultConfigurationName = Release;
		};
/* End XCConfigurationList section */
	};
	rootObject = 5131D4032099B4FB00819589 /* Project object */;
}
